<?xml version="1.0" encoding="UTF-8" standalone="yes" ?>
<CodeBlocks_project_file>
	<FileVersion major="1" minor="6" />
	<Project>
		<Option title="tp-taller-2018-1" />
		<Option pch_mode="2" />
		<Option compiler="gcc" />
		<Build>
			<Target title="Debug">
				<Option output="bin/Debug/tp-taller-2018-1" prefix_auto="1" extension_auto="1" />
				<Option object_output="obj/Debug/" />
				<Option type="1" />
				<Option compiler="gcc" />
				<Option parameters="--config=/home/patricia/Escritorio/config.yml --loglevel=ERROR" />
				<Compiler>
					<Add option="-g" />
					<Add directory="src/game" />
					<Add directory="src/pitch" />
					<Add directory="src/common" />
					<Add directory="src/player" />
					<Add directory="src/match" />
					<Add directory="src/team" />
					<Add directory="src/configuration" />
				</Compiler>
			</Target>
			<Target title="Release">
				<Option output="bin/Release/tp-taller-2018-1" prefix_auto="1" extension_auto="1" />
				<Option object_output="obj/Release/" />
				<Option type="1" />
				<Option compiler="gcc" />
				<Option parameters="--config /home/swandelow/config.yml" />
				<Compiler>
					<Add option="-O2" />
					<Add directory="src/game" />
					<Add directory="src/pitch" />
					<Add directory="src/common" />
					<Add directory="src/player" />
					<Add directory="src/match" />
					<Add directory="src/team" />
					<Add directory="src/configuration" />
				</Compiler>
				<Linker>
					<Add option="-s" />
				</Linker>
			</Target>
		</Build>
		<Compiler>
			<Add option="-Wall" />
			<Add option="-std=c++11" />
		</Compiler>
		<Linker>
			<Add option="-lSDL2 -lSDL2_image -lyaml-cpp" />
		</Linker>
		<Unit filename="src/camera/camera.cpp" />
		<Unit filename="src/camera/camera.h" />
		<Unit filename="src/common/abstract-controller.h" />
		<Unit filename="src/common/abstract-view.h" />
		<Unit filename="src/common/animation.cpp" />
		<Unit filename="src/common/animation.h" />
		<Unit filename="src/common/ilocatable.h" />
		<Unit filename="src/common/ishowable.h" />
		<Unit filename="src/common/location.cpp" />
		<Unit filename="src/common/location.h" />
		<Unit filename="src/common/logger.cpp" />
		<Unit filename="src/common/logger.h" />
		<Unit filename="src/common/sprite-sheet.cpp" />
		<Unit filename="src/common/sprite-sheet.h" />
		<Unit filename="src/common/sprites-provider.cpp" />
		<Unit filename="src/common/sprites-provider.h" />
		<Unit filename="src/configuration/cli-options-parser.cpp" />
		<Unit filename="src/configuration/cli-options-parser.h" />
		<Unit filename="src/configuration/cli-options.cpp" />
		<Unit filename="src/configuration/cli-options.h" />
		<Unit filename="src/configuration/configuration-parser.cpp" />
		<Unit filename="src/configuration/configuration-parser.h" />
		<Unit filename="src/configuration/configuration.cpp" />
		<Unit filename="src/configuration/configuration.h" />
		<Unit filename="src/configuration/default-config.yml" />
		<Unit filename="src/game/game-controller.cpp" />
		<Unit filename="src/game/game-controller.h" />
		<Unit filename="src/game/game.cpp" />
		<Unit filename="src/game/game.h" />
		<Unit filename="src/main.cpp" />
		<Unit filename="src/match/match.cpp" />
		<Unit filename="src/match/match.h" />
		<Unit filename="src/pitch/pitch-view.cpp" />
		<Unit filename="src/pitch/pitch-view.h" />
		<Unit filename="src/pitch/pitch.cpp" />
		<Unit filename="src/pitch/pitch.h" />
		<Unit filename="src/player/player-controller.cpp" />
		<Unit filename="src/player/player-controller.h" />
		<Unit filename="src/player/player-view.cpp" />
		<Unit filename="src/player/player-view.h" />
		<Unit filename="src/player/player.cpp" />
		<Unit filename="src/player/player.h" />
		<Unit filename="src/sprites/pitch.jpg" />
		<Unit filename="src/sprites/player.png" />
		<Unit filename="src/team/formation.cpp" />
		<Unit filename="src/team/formation.h" />
		<Unit filename="src/team/team-controller.cpp" />
		<Unit filename="src/team/team-controller.h" />
		<Unit filename="src/team/team.cpp" />
		<Unit filename="src/team/team.h" />
		<Extensions>
			<envvars />
			<code_completion />
			<debugger />
			<lib_finder disable_auto="1" />
		</Extensions>
	</Project>
</CodeBlocks_project_file>
